
Microsoft Visual Studio Solution File, Format Version 12.00
# Visual Studio 15
VisualStudioVersion = 15.0.27428.2015
MinimumVisualStudioVersion = 10.0.40219.1
Project("{8BC9CEB8-8B4A-11D0-8D11-00A0C91BC942}") = "connectionInfoSpoofer", "connectionInfoSpoofer\connectionInfoSpoofer.vcxproj", "{528491DC-6F2D-4C7B-A493-E847BF3E546D}"
EndProject
Project("{8BC9CEB8-8B4A-11D0-8D11-00A0C91BC942}") = "customCommands", "customCommands\customCommands.vcxproj", "{A0A04F08-D66D-4723-8318-BBC80745C6E6}"
EndProject
Project("{8BC9CEB8-8B4A-11D0-8D11-00A0C91BC942}") = "printPackets", "printPackets\printPackets.vcxproj", "{0887056D-E475-46E6-B834-525140814A6D}"
EndProject
Project("{8BC9CEB8-8B4A-11D0-8D11-00A0C91BC942}") = "customBadges", "customBadges\customBadges.vcxproj", "{E6D38E0A-5CC9-41C9-83AA-ABD6175F2D8C}"
EndProject
Project("{8BC9CEB8-8B4A-11D0-8D11-00A0C91BC942}") = "qtTest", "qtTest\qtTest.vcxproj", "{78D11198-9D1D-401C-9972-60C4AC2D0B9F}"
EndProject
Project("{8BC9CEB8-8B4A-11D0-8D11-00A0C91BC942}") = "versionSpoofer", "versionSpoofer\versionSpoofer.vcxproj", "{43265A15-0BB4-4D69-B82D-3196FAE40674}"
EndProject
Project("{8BC9CEB8-8B4A-11D0-8D11-00A0C91BC942}") = "rawCommandExample", "rawCommandExample\rawCommandExample.vcxproj", "{5E0F329A-77EC-4001-A5B1-970F837F6415}"
EndProject
Project("{8BC9CEB8-8B4A-11D0-8D11-00A0C91BC942}") = "versionDumper", "versionDumper\versionDumper.vcxproj", "{A2727138-D371-436F-B592-366B48CCE8A9}"
EndProject
Project("{8BC9CEB8-8B4A-11D0-8D11-00A0C91BC942}") = "hwidSpoofer", "hwidSpoofer\hwidSpoofer.vcxproj", "{DA296F82-96D2-483E-9F4A-54C060320584}"
EndProject
Project("{8BC9CEB8-8B4A-11D0-8D11-00A0C91BC942}") = "devStuff", "devStuff\devStuff.vcxproj", "{549B5E99-A862-45D3-9366-0E858C134EDF}"
EndProject
Project("{2150E333-8FDC-42A3-9474-1A3956D46DE8}") = "include", "include", "{EFA9D7DA-56D6-4D96-A301-49FB1D71A810}"
	ProjectSection(SolutionItems) = preProject
		include\helpers.h = include\helpers.h
	EndProjectSection
EndProject
Project("{8BC9CEB8-8B4A-11D0-8D11-00A0C91BC942}") = "packetList", "packetList\packetList.vcxproj", "{025EE755-8CA2-440E-9C70-8ABFA3F508D5}"
EndProject
Project("{8BC9CEB8-8B4A-11D0-8D11-00A0C91BC942}") = "blockCommands", "blockCommands\blockCommands.vcxproj", "{6D47B54F-ECD4-4821-A997-3EFE76890746}"
EndProject
Project("{8BC9CEB8-8B4A-11D0-8D11-00A0C91BC942}") = "modalQuitBypass", "modalQuitBypass\modalQuitBypass.vcxproj", "{F6177A0B-7290-43FB-A731-35B34A1460C3}"
EndProject
Global
	GlobalSection(SolutionConfigurationPlatforms) = preSolution
		Debug|x64 = Debug|x64
		Debug|x86 = Debug|x86
		Release|x64 = Release|x64
		Release|x86 = Release|x86
		ReleaseAll|x64 = ReleaseAll|x64
		ReleaseAll|x86 = ReleaseAll|x86
	EndGlobalSection
	GlobalSection(ProjectConfigurationPlatforms) = postSolution
		{528491DC-6F2D-4C7B-A493-E847BF3E546D}.Debug|x64.ActiveCfg = Debug|x64
		{528491DC-6F2D-4C7B-A493-E847BF3E546D}.Debug|x64.Build.0 = Debug|x64
		{528491DC-6F2D-4C7B-A493-E847BF3E546D}.Debug|x86.ActiveCfg = Debug|Win32
		{528491DC-6F2D-4C7B-A493-E847BF3E546D}.Debug|x86.Build.0 = Debug|Win32
		{528491DC-6F2D-4C7B-A493-E847BF3E546D}.Release|x64.ActiveCfg = Release|x64
		{528491DC-6F2D-4C7B-A493-E847BF3E546D}.Release|x64.Build.0 = Release|x64
		{528491DC-6F2D-4C7B-A493-E847BF3E546D}.Release|x86.ActiveCfg = Release|Win32
		{528491DC-6F2D-4C7B-A493-E847BF3E546D}.Release|x86.Build.0 = Release|Win32
		{528491DC-6F2D-4C7B-A493-E847BF3E546D}.ReleaseAll|x64.ActiveCfg = ReleaseAll|x64
		{528491DC-6F2D-4C7B-A493-E847BF3E546D}.ReleaseAll|x64.Build.0 = ReleaseAll|x64
		{528491DC-6F2D-4C7B-A493-E847BF3E546D}.ReleaseAll|x86.ActiveCfg = ReleaseAll|Win32
		{528491DC-6F2D-4C7B-A493-E847BF3E546D}.ReleaseAll|x86.Build.0 = ReleaseAll|Win32
		{A0A04F08-D66D-4723-8318-BBC80745C6E6}.Debug|x64.ActiveCfg = Debug|x64
		{A0A04F08-D66D-4723-8318-BBC80745C6E6}.Debug|x64.Build.0 = Debug|x64
		{A0A04F08-D66D-4723-8318-BBC80745C6E6}.Debug|x86.ActiveCfg = Debug|Win32
		{A0A04F08-D66D-4723-8318-BBC80745C6E6}.Debug|x86.Build.0 = Debug|Win32
		{A0A04F08-D66D-4723-8318-BBC80745C6E6}.Release|x64.ActiveCfg = Release|x64
		{A0A04F08-D66D-4723-8318-BBC80745C6E6}.Release|x64.Build.0 = Release|x64
		{A0A04F08-D66D-4723-8318-BBC80745C6E6}.Release|x86.ActiveCfg = Release|Win32
		{A0A04F08-D66D-4723-8318-BBC80745C6E6}.Release|x86.Build.0 = Release|Win32
		{A0A04F08-D66D-4723-8318-BBC80745C6E6}.ReleaseAll|x64.ActiveCfg = ReleaseAll|x64
		{A0A04F08-D66D-4723-8318-BBC80745C6E6}.ReleaseAll|x64.Build.0 = ReleaseAll|x64
		{A0A04F08-D66D-4723-8318-BBC80745C6E6}.ReleaseAll|x86.ActiveCfg = ReleaseAll|Win32
		{A0A04F08-D66D-4723-8318-BBC80745C6E6}.ReleaseAll|x86.Build.0 = ReleaseAll|Win32
		{0887056D-E475-46E6-B834-525140814A6D}.Debug|x64.ActiveCfg = Debug|x64
		{0887056D-E475-46E6-B834-525140814A6D}.Debug|x64.Build.0 = Debug|x64
		{0887056D-E475-46E6-B834-525140814A6D}.Debug|x86.ActiveCfg = Debug|Win32
		{0887056D-E475-46E6-B834-525140814A6D}.Debug|x86.Build.0 = Debug|Win32
		{0887056D-E475-46E6-B834-525140814A6D}.Release|x64.ActiveCfg = Release|x64
		{0887056D-E475-46E6-B834-525140814A6D}.Release|x64.Build.0 = Release|x64
		{0887056D-E475-46E6-B834-525140814A6D}.Release|x86.ActiveCfg = Release|Win32
		{0887056D-E475-46E6-B834-525140814A6D}.Release|x86.Build.0 = Release|Win32
		{0887056D-E475-46E6-B834-525140814A6D}.ReleaseAll|x64.ActiveCfg = ReleaseAll|x64
		{0887056D-E475-46E6-B834-525140814A6D}.ReleaseAll|x64.Build.0 = ReleaseAll|x64
		{0887056D-E475-46E6-B834-525140814A6D}.ReleaseAll|x86.ActiveCfg = ReleaseAll|Win32
		{0887056D-E475-46E6-B834-525140814A6D}.ReleaseAll|x86.Build.0 = ReleaseAll|Win32
		{E6D38E0A-5CC9-41C9-83AA-ABD6175F2D8C}.Debug|x64.ActiveCfg = Debug|x64
		{E6D38E0A-5CC9-41C9-83AA-ABD6175F2D8C}.Debug|x64.Build.0 = Debug|x64
		{E6D38E0A-5CC9-41C9-83AA-ABD6175F2D8C}.Debug|x86.ActiveCfg = Debug|Win32
		{E6D38E0A-5CC9-41C9-83AA-ABD6175F2D8C}.Debug|x86.Build.0 = Debug|Win32
		{E6D38E0A-5CC9-41C9-83AA-ABD6175F2D8C}.Release|x64.ActiveCfg = Release|x64
		{E6D38E0A-5CC9-41C9-83AA-ABD6175F2D8C}.Release|x64.Build.0 = Release|x64
		{E6D38E0A-5CC9-41C9-83AA-ABD6175F2D8C}.Release|x86.ActiveCfg = Release|Win32
		{E6D38E0A-5CC9-41C9-83AA-ABD6175F2D8C}.Release|x86.Build.0 = Release|Win32
		{E6D38E0A-5CC9-41C9-83AA-ABD6175F2D8C}.ReleaseAll|x64.ActiveCfg = ReleaseAll|x64
		{E6D38E0A-5CC9-41C9-83AA-ABD6175F2D8C}.ReleaseAll|x64.Build.0 = ReleaseAll|x64
		{E6D38E0A-5CC9-41C9-83AA-ABD6175F2D8C}.ReleaseAll|x86.ActiveCfg = ReleaseAll|Win32
		{E6D38E0A-5CC9-41C9-83AA-ABD6175F2D8C}.ReleaseAll|x86.Build.0 = ReleaseAll|Win32
		{78D11198-9D1D-401C-9972-60C4AC2D0B9F}.Debug|x64.ActiveCfg = Debug|x64
		{78D11198-9D1D-401C-9972-60C4AC2D0B9F}.Debug|x64.Build.0 = Debug|x64
		{78D11198-9D1D-401C-9972-60C4AC2D0B9F}.Debug|x86.ActiveCfg = Debug|Win32
		{78D11198-9D1D-401C-9972-60C4AC2D0B9F}.Debug|x86.Build.0 = Debug|Win32
		{78D11198-9D1D-401C-9972-60C4AC2D0B9F}.Release|x64.ActiveCfg = Release|x64
		{78D11198-9D1D-401C-9972-60C4AC2D0B9F}.Release|x64.Build.0 = Release|x64
		{78D11198-9D1D-401C-9972-60C4AC2D0B9F}.Release|x86.ActiveCfg = Release|Win32
		{78D11198-9D1D-401C-9972-60C4AC2D0B9F}.Release|x86.Build.0 = Release|Win32
		{78D11198-9D1D-401C-9972-60C4AC2D0B9F}.ReleaseAll|x64.ActiveCfg = ReleaseAll|x64
		{78D11198-9D1D-401C-9972-60C4AC2D0B9F}.ReleaseAll|x64.Build.0 = ReleaseAll|x64
		{78D11198-9D1D-401C-9972-60C4AC2D0B9F}.ReleaseAll|x86.ActiveCfg = ReleaseAll|Win32
		{78D11198-9D1D-401C-9972-60C4AC2D0B9F}.ReleaseAll|x86.Build.0 = ReleaseAll|Win32
		{43265A15-0BB4-4D69-B82D-3196FAE40674}.Debug|x64.ActiveCfg = Debug|x64
		{43265A15-0BB4-4D69-B82D-3196FAE40674}.Debug|x64.Build.0 = Debug|x64
		{43265A15-0BB4-4D69-B82D-3196FAE40674}.Debug|x86.ActiveCfg = Debug|Win32
		{43265A15-0BB4-4D69-B82D-3196FAE40674}.Debug|x86.Build.0 = Debug|Win32
		{43265A15-0BB4-4D69-B82D-3196FAE40674}.Release|x64.ActiveCfg = Release|x64
		{43265A15-0BB4-4D69-B82D-3196FAE40674}.Release|x64.Build.0 = Release|x64
		{43265A15-0BB4-4D69-B82D-3196FAE40674}.Release|x86.ActiveCfg = Release|Win32
		{43265A15-0BB4-4D69-B82D-3196FAE40674}.Release|x86.Build.0 = Release|Win32
		{43265A15-0BB4-4D69-B82D-3196FAE40674}.ReleaseAll|x64.ActiveCfg = ReleaseAll|x64
		{43265A15-0BB4-4D69-B82D-3196FAE40674}.ReleaseAll|x64.Build.0 = ReleaseAll|x64
		{43265A15-0BB4-4D69-B82D-3196FAE40674}.ReleaseAll|x86.ActiveCfg = ReleaseAll|Win32
		{43265A15-0BB4-4D69-B82D-3196FAE40674}.ReleaseAll|x86.Build.0 = ReleaseAll|Win32
		{5E0F329A-77EC-4001-A5B1-970F837F6415}.Debug|x64.ActiveCfg = Debug|x64
		{5E0F329A-77EC-4001-A5B1-970F837F6415}.Debug|x64.Build.0 = Debug|x64
		{5E0F329A-77EC-4001-A5B1-970F837F6415}.Debug|x86.ActiveCfg = Debug|Win32
		{5E0F329A-77EC-4001-A5B1-970F837F6415}.Debug|x86.Build.0 = Debug|Win32
		{5E0F329A-77EC-4001-A5B1-970F837F6415}.Release|x64.ActiveCfg = Release|x64
		{5E0F329A-77EC-4001-A5B1-970F837F6415}.Release|x64.Build.0 = Release|x64
		{5E0F329A-77EC-4001-A5B1-970F837F6415}.Release|x86.ActiveCfg = Release|Win32
		{5E0F329A-77EC-4001-A5B1-970F837F6415}.Release|x86.Build.0 = Release|Win32
		{5E0F329A-77EC-4001-A5B1-970F837F6415}.ReleaseAll|x64.ActiveCfg = ReleaseAll|x64
		{5E0F329A-77EC-4001-A5B1-970F837F6415}.ReleaseAll|x64.Build.0 = ReleaseAll|x64
		{5E0F329A-77EC-4001-A5B1-970F837F6415}.ReleaseAll|x86.ActiveCfg = ReleaseAll|Win32
		{5E0F329A-77EC-4001-A5B1-970F837F6415}.ReleaseAll|x86.Build.0 = ReleaseAll|Win32
		{A2727138-D371-436F-B592-366B48CCE8A9}.Debug|x64.ActiveCfg = Debug|x64
		{A2727138-D371-436F-B592-366B48CCE8A9}.Debug|x64.Build.0 = Debug|x64
		{A2727138-D371-436F-B592-366B48CCE8A9}.Debug|x86.ActiveCfg = Debug|Win32
		{A2727138-D371-436F-B592-366B48CCE8A9}.Debug|x86.Build.0 = Debug|Win32
		{A2727138-D371-436F-B592-366B48CCE8A9}.Release|x64.ActiveCfg = Release|x64
		{A2727138-D371-436F-B592-366B48CCE8A9}.Release|x64.Build.0 = Release|x64
		{A2727138-D371-436F-B592-366B48CCE8A9}.Release|x86.ActiveCfg = Release|Win32
		{A2727138-D371-436F-B592-366B48CCE8A9}.Release|x86.Build.0 = Release|Win32
		{A2727138-D371-436F-B592-366B48CCE8A9}.ReleaseAll|x64.ActiveCfg = ReleaseAll|x64
		{A2727138-D371-436F-B592-366B48CCE8A9}.ReleaseAll|x64.Build.0 = ReleaseAll|x64
		{A2727138-D371-436F-B592-366B48CCE8A9}.ReleaseAll|x86.ActiveCfg = Release|Win32
		{A2727138-D371-436F-B592-366B48CCE8A9}.ReleaseAll|x86.Build.0 = Release|Win32
		{DA296F82-96D2-483E-9F4A-54C060320584}.Debug|x64.ActiveCfg = Debug|x64
		{DA296F82-96D2-483E-9F4A-54C060320584}.Debug|x64.Build.0 = Debug|x64
		{DA296F82-96D2-483E-9F4A-54C060320584}.Debug|x86.ActiveCfg = Debug|Win32
		{DA296F82-96D2-483E-9F4A-54C060320584}.Debug|x86.Build.0 = Debug|Win32
		{DA296F82-96D2-483E-9F4A-54C060320584}.Release|x64.ActiveCfg = Release|x64
		{DA296F82-96D2-483E-9F4A-54C060320584}.Release|x64.Build.0 = Release|x64
		{DA296F82-96D2-483E-9F4A-54C060320584}.Release|x86.ActiveCfg = Release|Win32
		{DA296F82-96D2-483E-9F4A-54C060320584}.Release|x86.Build.0 = Release|Win32
		{DA296F82-96D2-483E-9F4A-54C060320584}.ReleaseAll|x64.ActiveCfg = ReleaseAll|x64
		{DA296F82-96D2-483E-9F4A-54C060320584}.ReleaseAll|x64.Build.0 = ReleaseAll|x64
		{DA296F82-96D2-483E-9F4A-54C060320584}.ReleaseAll|x86.ActiveCfg = Release|Win32
		{DA296F82-96D2-483E-9F4A-54C060320584}.ReleaseAll|x86.Build.0 = Release|Win32
		{549B5E99-A862-45D3-9366-0E858C134EDF}.Debug|x64.ActiveCfg = Debug|x64
		{549B5E99-A862-45D3-9366-0E858C134EDF}.Debug|x64.Build.0 = Debug|x64
		{549B5E99-A862-45D3-9366-0E858C134EDF}.Debug|x86.ActiveCfg = Debug|Win32
		{549B5E99-A862-45D3-9366-0E858C134EDF}.Debug|x86.Build.0 = Debug|Win32
		{549B5E99-A862-45D3-9366-0E858C134EDF}.Release|x64.ActiveCfg = Release|x64
		{549B5E99-A862-45D3-9366-0E858C134EDF}.Release|x64.Build.0 = Release|x64
		{549B5E99-A862-45D3-9366-0E858C134EDF}.Release|x86.ActiveCfg = Release|Win32
		{549B5E99-A862-45D3-9366-0E858C134EDF}.Release|x86.Build.0 = Release|Win32
		{549B5E99-A862-45D3-9366-0E858C134EDF}.ReleaseAll|x64.ActiveCfg = Release|x64
		{549B5E99-A862-45D3-9366-0E858C134EDF}.ReleaseAll|x64.Build.0 = Release|x64
		{549B5E99-A862-45D3-9366-0E858C134EDF}.ReleaseAll|x86.ActiveCfg = Release|Win32
		{549B5E99-A862-45D3-9366-0E858C134EDF}.ReleaseAll|x86.Build.0 = Release|Win32
		{025EE755-8CA2-440E-9C70-8ABFA3F508D5}.Debug|x64.ActiveCfg = Debug|x64
		{025EE755-8CA2-440E-9C70-8ABFA3F508D5}.Debug|x64.Build.0 = Debug|x64
		{025EE755-8CA2-440E-9C70-8ABFA3F508D5}.Debug|x86.ActiveCfg = Debug|Win32
		{025EE755-8CA2-440E-9C70-8ABFA3F508D5}.Debug|x86.Build.0 = Debug|Win32
		{025EE755-8CA2-440E-9C70-8ABFA3F508D5}.Release|x64.ActiveCfg = Release|x64
		{025EE755-8CA2-440E-9C70-8ABFA3F508D5}.Release|x64.Build.0 = Release|x64
		{025EE755-8CA2-440E-9C70-8ABFA3F508D5}.Release|x86.ActiveCfg = Release|Win32
		{025EE755-8CA2-440E-9C70-8ABFA3F508D5}.Release|x86.Build.0 = Release|Win32
		{025EE755-8CA2-440E-9C70-8ABFA3F508D5}.ReleaseAll|x64.ActiveCfg = ReleaseAll|x64
		{025EE755-8CA2-440E-9C70-8ABFA3F508D5}.ReleaseAll|x64.Build.0 = ReleaseAll|x64
		{025EE755-8CA2-440E-9C70-8ABFA3F508D5}.ReleaseAll|x86.ActiveCfg = Release|Win32
		{025EE755-8CA2-440E-9C70-8ABFA3F508D5}.ReleaseAll|x86.Build.0 = Release|Win32
		{6D47B54F-ECD4-4821-A997-3EFE76890746}.Debug|x64.ActiveCfg = Debug|x64
		{6D47B54F-ECD4-4821-A997-3EFE76890746}.Debug|x64.Build.0 = Debug|x64
		{6D47B54F-ECD4-4821-A997-3EFE76890746}.Debug|x86.ActiveCfg = Debug|Win32
		{6D47B54F-ECD4-4821-A997-3EFE76890746}.Debug|x86.Build.0 = Debug|Win32
		{6D47B54F-ECD4-4821-A997-3EFE76890746}.Release|x64.ActiveCfg = Release|x64
		{6D47B54F-ECD4-4821-A997-3EFE76890746}.Release|x64.Build.0 = Release|x64
		{6D47B54F-ECD4-4821-A997-3EFE76890746}.Release|x86.ActiveCfg = Release|Win32
		{6D47B54F-ECD4-4821-A997-3EFE76890746}.Release|x86.Build.0 = Release|Win32
		{6D47B54F-ECD4-4821-A997-3EFE76890746}.ReleaseAll|x64.ActiveCfg = ReleaseAll|x64
		{6D47B54F-ECD4-4821-A997-3EFE76890746}.ReleaseAll|x64.Build.0 = ReleaseAll|x64
		{6D47B54F-ECD4-4821-A997-3EFE76890746}.ReleaseAll|x86.ActiveCfg = Release|Win32
		{6D47B54F-ECD4-4821-A997-3EFE76890746}.ReleaseAll|x86.Build.0 = Release|Win32
		{F6177A0B-7290-43FB-A731-35B34A1460C3}.Debug|x64.ActiveCfg = Debug|x64
		{F6177A0B-7290-43FB-A731-35B34A1460C3}.Debug|x64.Build.0 = Debug|x64
		{F6177A0B-7290-43FB-A731-35B34A1460C3}.Debug|x86.ActiveCfg = Debug|Win32
		{F6177A0B-7290-43FB-A731-35B34A1460C3}.Debug|x86.Build.0 = Debug|Win32
		{F6177A0B-7290-43FB-A731-35B34A1460C3}.Release|x64.ActiveCfg = Release|x64
		{F6177A0B-7290-43FB-A731-35B34A1460C3}.Release|x64.Build.0 = Release|x64
		{F6177A0B-7290-43FB-A731-35B34A1460C3}.Release|x86.ActiveCfg = Release|Win32
		{F6177A0B-7290-43FB-A731-35B34A1460C3}.Release|x86.Build.0 = Release|Win32
		{F6177A0B-7290-43FB-A731-35B34A1460C3}.ReleaseAll|x64.ActiveCfg = ReleaseAll|x64
		{F6177A0B-7290-43FB-A731-35B34A1460C3}.ReleaseAll|x64.Build.0 = ReleaseAll|x64
		{F6177A0B-7290-43FB-A731-35B34A1460C3}.ReleaseAll|x86.ActiveCfg = ReleaseAll|Win32
		{F6177A0B-7290-43FB-A731-35B34A1460C3}.ReleaseAll|x86.Build.0 = ReleaseAll|Win32
	EndGlobalSection
	GlobalSection(SolutionProperties) = preSolution
		HideSolutionNode = FALSE
	EndGlobalSection
	GlobalSection(ExtensibilityGlobals) = postSolution
		SolutionGuid = {86DF49CF-0F04-485A-844A-471F9E1CB4B1}
		Qt5Version = 5.9.3
	EndGlobalSection
EndGlobal
