<?xml version="1.0" encoding="utf-8"?>
<Project ToolsVersion="4.0" xmlns="http://schemas.microsoft.com/developer/msbuild/2003">
  <ItemGroup>
    <Filter Include="Quelldateien">
      <UniqueIdentifier>{4FC737F1-C7A5-4376-A066-2A32D752A2FF}</UniqueIdentifier>
      <Extensions>cpp;c;cc;cxx;def;odl;idl;hpj;bat;asm;asmx</Extensions>
    </Filter>
    <Filter Include="Headerdateien">
      <UniqueIdentifier>{93995380-89BD-4b04-88EB-625FBE52EBFB}</UniqueIdentifier>
      <Extensions>h;hh;hpp;hxx;hm;inl;inc;ipp;xsd</Extensions>
    </Filter>
    <Filter Include="Ressourcendateien">
      <UniqueIdentifier>{67DA6AB6-F800-4c08-8B7A-83BB121AAD01}</UniqueIdentifier>
      <Extensions>rc;ico;cur;bmp;dlg;rc2;rct;bin;rgs;gif;jpg;jpeg;jpe;resx;tiff;tif;png;wav;mfcribbon-ms</Extensions>
    </Filter>
    <Filter Include="GeneratedFiles">
      <UniqueIdentifier>{a77aaf77-0163-4340-81cf-fb7c4cadb4d5}</UniqueIdentifier>
    </Filter>
    <Filter Include="Generated Files">
      <UniqueIdentifier>{71ED8ED8-ACB9-4CE9-BBE1-E00B30144E11}</UniqueIdentifier>
      <Extensions>moc;h;cpp</Extensions>
      <ParseFiles>true</ParseFiles>
    </Filter>
  </ItemGroup>
  <ItemGroup>
    <ClInclude Include="config.h">
      <Filter>Headerdateien</Filter>
    </ClInclude>
    <ClInclude Include="customBadges.h">
      <Filter>Headerdateien</Filter>
    </ClInclude>
    <ClInclude Include="GeneratedFiles\ui_QtConfig.h">
      <Filter>GeneratedFiles</Filter>
    </ClInclude>
    <ClInclude Include="GeneratedFiles\ui_QtManualBadges.h">
      <Filter>GeneratedFiles</Filter>
    </ClInclude>
  </ItemGroup>
  <ItemGroup>
    <ClCompile Include="customBadges.cpp">
      <Filter>Quelldateien</Filter>
    </ClCompile>
    <ClCompile Include="QtConfig.cpp">
      <Filter>Quelldateien</Filter>
    </ClCompile>
    <ClCompile Include="QtManualBadges.cpp">
      <Filter>Quelldateien</Filter>
    </ClCompile>
    <ClCompile Include="ClickableLabel.cpp">
      <Filter>Quelldateien</Filter>
    </ClCompile>
    <ClCompile Include="config.cpp">
      <Filter>Quelldateien</Filter>
    </ClCompile>
    <ClCompile Include="GeneratedFiles\Debug\moc_QtManualBadges.cpp">
      <Filter>Generated Files</Filter>
    </ClCompile>
    <ClCompile Include="GeneratedFiles\Release\moc_QtManualBadges.cpp">
      <Filter>Generated Files</Filter>
    </ClCompile>
    <ClCompile Include="GeneratedFiles\Debug\moc_QtConfig.cpp">
      <Filter>Generated Files</Filter>
    </ClCompile>
    <ClCompile Include="GeneratedFiles\Release\moc_QtConfig.cpp">
      <Filter>Generated Files</Filter>
    </ClCompile>
    <ClCompile Include="GeneratedFiles\Debug\moc_ClickableLabel.cpp">
      <Filter>Generated Files</Filter>
    </ClCompile>
    <ClCompile Include="GeneratedFiles\Release\moc_ClickableLabel.cpp">
      <Filter>Generated Files</Filter>
    </ClCompile>
  </ItemGroup>
  <ItemGroup>
    <None Include="icons.qrc" />
    <None Include="QtConfig.ui" />
    <None Include="QtManualBadges.ui" />
  </ItemGroup>
  <ItemGroup>
    <CustomBuild Include="QtManualBadges.h">
      <Filter>Headerdateien</Filter>
    </CustomBuild>
    <CustomBuild Include="QtConfig.h">
      <Filter>Headerdateien</Filter>
    </CustomBuild>
    <CustomBuild Include="ClickableLabel.h">
      <Filter>Headerdateien</Filter>
    </CustomBuild>
  </ItemGroup>
</Project>