<?xml version="1.0" encoding="utf-8"?>
<Project ToolsVersion="15.0" xmlns="http://schemas.microsoft.com/developer/msbuild/2003">
  <ItemGroup>
    <CustomBuild Include="D:\Visual Studio\TS3\ts3PatchPlugin\extentions\CustomBadges\CMakeLists.txt" />
    <CustomBuild Include="QtConfig.ui">
      <Filter>Source Files</Filter>
    </CustomBuild>
    <CustomBuild Include="QtManualBadges.h">
      <Filter>Source Files</Filter>
    </CustomBuild>
    <CustomBuild Include="QtManualBadges.ui">
      <Filter>Source Files</Filter>
    </CustomBuild>
    <CustomBuild Include="QtConfig.h">
      <Filter>Source Files</Filter>
    </CustomBuild>
    <CustomBuild Include="ClickableLabel.h">
      <Filter>Source Files</Filter>
    </CustomBuild>
  </ItemGroup>
  <ItemGroup>
    <Filter Include="Source Files">
      <UniqueIdentifier>{EA888835-D472-31EF-815D-AA178F1E79E5}</UniqueIdentifier>
    </Filter>
    <Filter Include="Generated Files">
      <UniqueIdentifier>{71ED8ED8-ACB9-4CE9-BBE1-E00B30144E11}</UniqueIdentifier>
      <Extensions>moc;h;cpp</Extensions>
      <ParseFiles>true</ParseFiles>
    </Filter>
  </ItemGroup>
  <ItemGroup>
    <ClInclude Include="CustomBadges.h">
      <Filter>Source Files</Filter>
    </ClInclude>
    <ClInclude Include="config.h">
      <Filter>Source Files</Filter>
    </ClInclude>
    <ClInclude Include="GeneratedFiles\ui_QtConfig.h">
      <Filter>Generated Files</Filter>
    </ClInclude>
    <ClInclude Include="GeneratedFiles\ui_QtManualBadges.h">
      <Filter>Generated Files</Filter>
    </ClInclude>
  </ItemGroup>
  <ItemGroup>
    <ClCompile Include="..\CustomBadges\CustomBadges.cpp">
      <Filter>Source Files</Filter>
    </ClCompile>
    <ClCompile Include="config.cpp">
      <Filter>Source Files</Filter>
    </ClCompile>
    <ClCompile Include="QtManualBadges.cpp">
      <Filter>Source Files</Filter>
    </ClCompile>
    <ClCompile Include="GeneratedFiles\RelWithDebInfo\moc_QtManualBadges.cpp">
      <Filter>Generated Files</Filter>
    </ClCompile>
    <ClCompile Include="GeneratedFiles\Debug\moc_QtManualBadges.cpp">
      <Filter>Generated Files</Filter>
    </ClCompile>
    <ClCompile Include="GeneratedFiles\MinSizeRel\moc_QtManualBadges.cpp">
      <Filter>Generated Files</Filter>
    </ClCompile>
    <ClCompile Include="GeneratedFiles\Release\moc_QtManualBadges.cpp">
      <Filter>Generated Files</Filter>
    </ClCompile>
    <ClCompile Include="QtConfig.cpp">
      <Filter>Source Files</Filter>
    </ClCompile>
    <ClCompile Include="GeneratedFiles\RelWithDebInfo\moc_QtConfig.cpp">
      <Filter>Generated Files</Filter>
    </ClCompile>
    <ClCompile Include="GeneratedFiles\Debug\moc_QtConfig.cpp">
      <Filter>Generated Files</Filter>
    </ClCompile>
    <ClCompile Include="GeneratedFiles\MinSizeRel\moc_QtConfig.cpp">
      <Filter>Generated Files</Filter>
    </ClCompile>
    <ClCompile Include="GeneratedFiles\Release\moc_QtConfig.cpp">
      <Filter>Generated Files</Filter>
    </ClCompile>
    <ClCompile Include="ClickableLabel.cpp">
      <Filter>Source Files</Filter>
    </ClCompile>
    <ClCompile Include="GeneratedFiles\RelWithDebInfo\moc_ClickableLabel.cpp">
      <Filter>Generated Files</Filter>
    </ClCompile>
    <ClCompile Include="GeneratedFiles\Debug\moc_ClickableLabel.cpp">
      <Filter>Generated Files</Filter>
    </ClCompile>
    <ClCompile Include="GeneratedFiles\MinSizeRel\moc_ClickableLabel.cpp">
      <Filter>Generated Files</Filter>
    </ClCompile>
    <ClCompile Include="GeneratedFiles\Release\moc_ClickableLabel.cpp">
      <Filter>Generated Files</Filter>
    </ClCompile>
  </ItemGroup>
</Project>