Microsoft Visual Studio Solution File, Format Version 12.00
# Visual Studio 15
VisualStudioVersion = 15.0.27428.2015
MinimumVisualStudioVersion = 10.0.40219.1
Project("{8BC9CEB8-8B4A-11D0-8D11-00A0C91BC942}") = "rawCommand", "rawCommand.vcxproj", "{FD15F081-A684-3FCC-9D76-ABEBB38FC28C}"
EndProject
Global
	GlobalSection(SolutionConfigurationPlatforms) = preSolution
		Debug|Win32 = Debug|Win32
		Debug|x64 = Debug|x64
		MinSizeRel|Win32 = MinSizeRel|Win32
		MinSizeRel|x64 = MinSizeRel|x64
		Release|Win32 = Release|Win32
		Release|x64 = Release|x64
		RelWithDebInfo|Win32 = RelWithDebInfo|Win32
		RelWithDebInfo|x64 = RelWithDebInfo|x64
	EndGlobalSection
	GlobalSection(ProjectConfigurationPlatforms) = postSolution
		{FD15F081-A684-3FCC-9D76-ABEBB38FC28C}.Debug|Win32.ActiveCfg = Debug|Win32
		{FD15F081-A684-3FCC-9D76-ABEBB38FC28C}.Debug|Win32.Build.0 = Debug|Win32
		{FD15F081-A684-3FCC-9D76-ABEBB38FC28C}.Debug|x64.ActiveCfg = Debug|x64
		{FD15F081-A684-3FCC-9D76-ABEBB38FC28C}.Debug|x64.Build.0 = Debug|x64
		{FD15F081-A684-3FCC-9D76-ABEBB38FC28C}.MinSizeRel|Win32.ActiveCfg = MinSizeRel|Win32
		{FD15F081-A684-3FCC-9D76-ABEBB38FC28C}.MinSizeRel|Win32.Build.0 = MinSizeRel|Win32
		{FD15F081-A684-3FCC-9D76-ABEBB38FC28C}.MinSizeRel|x64.ActiveCfg = MinSizeRel|x64
		{FD15F081-A684-3FCC-9D76-ABEBB38FC28C}.MinSizeRel|x64.Build.0 = MinSizeRel|x64
		{FD15F081-A684-3FCC-9D76-ABEBB38FC28C}.Release|Win32.ActiveCfg = Release|Win32
		{FD15F081-A684-3FCC-9D76-ABEBB38FC28C}.Release|Win32.Build.0 = Release|Win32
		{FD15F081-A684-3FCC-9D76-ABEBB38FC28C}.Release|x64.ActiveCfg = Release|x64
		{FD15F081-A684-3FCC-9D76-ABEBB38FC28C}.Release|x64.Build.0 = Release|x64
		{FD15F081-A684-3FCC-9D76-ABEBB38FC28C}.RelWithDebInfo|Win32.ActiveCfg = RelWithDebInfo|Win32
		{FD15F081-A684-3FCC-9D76-ABEBB38FC28C}.RelWithDebInfo|Win32.Build.0 = RelWithDebInfo|Win32
		{FD15F081-A684-3FCC-9D76-ABEBB38FC28C}.RelWithDebInfo|x64.ActiveCfg = RelWithDebInfo|x64
		{FD15F081-A684-3FCC-9D76-ABEBB38FC28C}.RelWithDebInfo|x64.Build.0 = RelWithDebInfo|x64
	EndGlobalSection
	GlobalSection(SolutionProperties) = preSolution
		HideSolutionNode = FALSE
	EndGlobalSection
	GlobalSection(ExtensibilityGlobals) = postSolution
		SolutionGuid = {83801175-D6C2-3044-B413-35877F0668D5}
	EndGlobalSection
EndGlobal
